
Microsoft Visual Studio Solution File, Format Version 12.00
# Visual Studio Version 17
VisualStudioVersion = 17.14.36429.23 d17.14
MinimumVisualStudioVersion = 10.0.40219.1
Project("{FAE04EC0-301F-11D3-BF4B-00C04F79EFBC}") = "MyProject", "MyProject\MyProject.csproj", "{FD95A5AB-9F65-4052-A248-3044EFA7E3B2}"
EndProject
Global
	GlobalSection(SolutionConfigurationPlatforms) = preSolution
		Debug|Any CPU = Debug|Any CPU
		Release|Any CPU = Release|Any CPU
	EndGlobalSection
	GlobalSection(ProjectConfigurationPlatforms) = postSolution
		{FD95A5AB-9F65-4052-A248-3044EFA7E3B2}.Debug|Any CPU.ActiveCfg = Debug|Any CPU
		{FD95A5AB-9F65-4052-A248-3044EFA7E3B2}.Debug|Any CPU.Build.0 = Debug|Any CPU
		{FD95A5AB-9F65-4052-A248-3044EFA7E3B2}.Release|Any CPU.ActiveCfg = Release|Any CPU
		{FD95A5AB-9F65-4052-A248-3044EFA7E3B2}.Release|Any CPU.Build.0 = Release|Any CPU
	EndGlobalSection
	GlobalSection(SolutionProperties) = preSolution
		HideSolutionNode = FALSE
	EndGlobalSection
	GlobalSection(ExtensibilityGlobals) = postSolution
		SolutionGuid = {74DF7D1D-40F2-4BE1-AA26-FABA51C57E5D}
	EndGlobalSection
EndGlobal
